
Microsoft Visual Studio Solution File, Format Version 12.00
# Visual Studio Version 16
VisualStudioVersion = 16.0.28803.352
MinimumVisualStudioVersion = 10.0.40219.1
Project("{9A19103F-16F7-4668-BE54-9A1E7A4F7556}") = "ASTBuilder", "ASTBuilder\ASTBuilder.csproj", "{05BCD389-133D-48B6-9E55-F2430C4D04CA}"
EndProject
Project("{FAE04EC0-301F-11D3-BF4B-00C04F79EFBC}") = "ASTBuilderTest", "ASTBuilderTest\ASTBuilderTest.csproj", "{7F909EB1-272B-487B-AF8E-813FF50DADCD}"
EndProject
Global
	GlobalSection(SolutionConfigurationPlatforms) = preSolution
		Debug|Any CPU = Debug|Any CPU
		Release|Any CPU = Release|Any CPU
	EndGlobalSection
	GlobalSection(ProjectConfigurationPlatforms) = postSolution
		{05BCD389-133D-48B6-9E55-F2430C4D04CA}.Debug|Any CPU.ActiveCfg = Debug|Any CPU
		{05BCD389-133D-48B6-9E55-F2430C4D04CA}.Debug|Any CPU.Build.0 = Debug|Any CPU
		{05BCD389-133D-48B6-9E55-F2430C4D04CA}.Release|Any CPU.ActiveCfg = Release|Any CPU
		{05BCD389-133D-48B6-9E55-F2430C4D04CA}.Release|Any CPU.Build.0 = Release|Any CPU
		{7F909EB1-272B-487B-AF8E-813FF50DADCD}.Debug|Any CPU.ActiveCfg = Debug|Any CPU
		{7F909EB1-272B-487B-AF8E-813FF50DADCD}.Debug|Any CPU.Build.0 = Debug|Any CPU
		{7F909EB1-272B-487B-AF8E-813FF50DADCD}.Release|Any CPU.ActiveCfg = Release|Any CPU
		{7F909EB1-272B-487B-AF8E-813FF50DADCD}.Release|Any CPU.Build.0 = Release|Any CPU
	EndGlobalSection
	GlobalSection(SolutionProperties) = preSolution
		HideSolutionNode = FALSE
	EndGlobalSection
	GlobalSection(ExtensibilityGlobals) = postSolution
		SolutionGuid = {F695B6DD-6986-4F7D-851A-80D2CDB4826A}
	EndGlobalSection
EndGlobal
